{
  "name": "@typescript-package/storage",
  "version": "0.0.1",
  "lockfileVersion": 3,
  "requires": true,
  "packages": {
    "": {
      "name": "@typescript-package/storage",
      "version": "0.0.1",
      "funding": [
        {
          "type": "stripe",
          "url": "https://donate.stripe.com/dR614hfDZcJE3wAcMM"
        },
        {
          "type": "individual",
          "url": "https://checkout.revolut.com/pay/048b10a3-0e10-42c8-a917-e3e9cb4c8e29"
        }
      ],
      "license": "MIT",
      "peerDependencies": {
        "@typescript-package/data": "^2.1.0"
      }
    },
    "node_modules/@typescript-package/data": {
      "version": "2.1.0",
      "resolved": "https://registry.npmjs.org/@typescript-package/data/-/data-2.1.0.tgz",
      "integrity": "sha512-K5VgQhm7Ce3oLjRjvStDF1rYFRusbMbG5YoL2zckQiJ8jXOkqZgP2oCW9AZwzExyiqbWPJmsKILMLJOWnvghmA==",
      "funding": [
        {
          "type": "stripe",
          "url": "https://donate.stripe.com/dR614hfDZcJE3wAcMM"
        },
        {
          "type": "individual",
          "url": "https://checkout.revolut.com/pay/048b10a3-0e10-42c8-a917-e3e9cb4c8e29"
        }
      ],
      "license": "MIT",
      "peer": true
    }
  }
}
