{
  "name": "@typescript-package/storage",
  "version": "1.0.0-beta.0",
  "lockfileVersion": 3,
  "requires": true,
  "packages": {
    "": {
      "name": "@typescript-package/storage",
      "version": "1.0.0-beta.0",
      "funding": [
        {
          "type": "stripe",
          "url": "https://donate.stripe.com/dR614hfDZcJE3wAcMM"
        },
        {
          "type": "individual",
          "url": "https://checkout.revolut.com/pay/048b10a3-0e10-42c8-a917-e3e9cb4c8e29"
        }
      ],
      "license": "MIT",
      "dependencies": {
        "@typescript-package/collection-adapter": "0.2.0"
      },
      "optionalDependencies": {
        "@typescript-package/collection": "^0.2.1",
        "@typescript-package/collection-adapter": "^0.2.0",
        "@typescript-package/event-emitter": "^0.1.0",
        "@typescript-package/listeners": "^0.0.1"
      },
      "peerDependencies": {
        "@typedly/storage": "^2.0.0",
        "@typescript-package/data": "^7.0.0"
      }
    },
    "node_modules/@typedly/constructor": {
      "version": "1.0.0",
      "resolved": "https://registry.npmjs.org/@typedly/constructor/-/constructor-1.0.0.tgz",
      "integrity": "sha512-MFww4huWIfRpPjr2Gz001XKdYzfTe3tW94+EzXKwhiqnwrPApOazpjM5NG8GYP9etKUlmAqVIFEc0xclSwfRDg==",
      "funding": [
        {
          "type": "stripe",
          "url": "https://donate.stripe.com/dR614hfDZcJE3wAcMM"
        },
        {
          "type": "revolut",
          "url": "https://checkout.revolut.com/pay/048b10a3-0e10-42c8-a917-e3e9cb4c8e29"
        }
      ],
      "license": "MIT",
      "peer": true
    },
    "node_modules/@typedly/data": {
      "version": "3.0.0",
      "resolved": "https://registry.npmjs.org/@typedly/data/-/data-3.0.0.tgz",
      "integrity": "sha512-ScUoMCm9pyX1VwrFmhT8Td/uffk8+hov3amCBhqCr5uVnsJJbbpmH/vgXcQin1E5EM1jddKLOlWvBOxdallR9Q==",
      "funding": [
        {
          "type": "stripe",
          "url": "https://donate.stripe.com/dR614hfDZcJE3wAcMM"
        },
        {
          "type": "revolut",
          "url": "https://checkout.revolut.com/pay/048b10a3-0e10-42c8-a917-e3e9cb4c8e29"
        }
      ],
      "license": "MIT",
      "peer": true,
      "peerDependencies": {
        "@typedly/constructor": "^1.0.0"
      }
    },
    "node_modules/@typedly/storage": {
      "version": "2.0.0",
      "resolved": "https://registry.npmjs.org/@typedly/storage/-/storage-2.0.0.tgz",
      "integrity": "sha512-x9HaweIUVR0Y7wf811lTKAPFpimnlgoF32lmEP3VoX8LtMMSiOa/TqAB3fH0UOCw6FUrTJpWQJllh/K16K/uZQ==",
      "funding": [
        {
          "type": "stripe",
          "url": "https://donate.stripe.com/dR614hfDZcJE3wAcMM"
        }
      ],
      "license": "MIT",
      "peer": true,
      "peerDependencies": {
        "@typedly/data": "^3.0.0"
      }
    },
    "node_modules/@typescript-package/collection": {
      "version": "0.2.1",
      "resolved": "https://registry.npmjs.org/@typescript-package/collection/-/collection-0.2.1.tgz",
      "integrity": "sha512-15+QFuzTDxJpjJrfsgh7FMchFt4xF0hVW4xhCtrrQuEvp6rAimChTl9EopJPKrTHMA8qaKhAXRC9yNUk5u3Tww==",
      "funding": [
        {
          "type": "stripe",
          "url": "https://donate.stripe.com/dR614hfDZcJE3wAcMM"
        },
        {
          "type": "individual",
          "url": "https://checkout.revolut.com/pay/048b10a3-0e10-42c8-a917-e3e9cb4c8e29"
        }
      ],
      "license": "MIT",
      "optional": true,
      "peerDependencies": {
        "@typedly/collection": "^3.0.0",
        "@typescript-package/data": "^7.0.0"
      }
    },
    "node_modules/@typescript-package/collection-adapter": {
      "version": "0.2.0",
      "resolved": "https://registry.npmjs.org/@typescript-package/collection-adapter/-/collection-adapter-0.2.0.tgz",
      "integrity": "sha512-j9QJDUek3aG+yRWrQaYbYdSKbpM10WnA8618CZQ1/tNUi/msEDH9pcej/zbF/myirGdD60Oc7b1g/DCGZiaaeA==",
      "funding": [
        {
          "type": "stripe",
          "url": "https://donate.stripe.com/dR614hfDZcJE3wAcMM"
        },
        {
          "type": "individual",
          "url": "https://checkout.revolut.com/pay/048b10a3-0e10-42c8-a917-e3e9cb4c8e29"
        }
      ],
      "license": "MIT",
      "optional": true,
      "peerDependencies": {
        "@typedly/collection": "^3.0.0"
      }
    },
    "node_modules/@typescript-package/data": {
      "version": "7.0.0",
      "resolved": "https://registry.npmjs.org/@typescript-package/data/-/data-7.0.0.tgz",
      "integrity": "sha512-N7bDJhyDcWp1z3a5WXn/eBN3MOEHTF3//wWBTeZ3NtwpBByHfRQ/BMH2qk5/GW09bxu0Zi0z4rQEmzo458EbeQ==",
      "funding": [
        {
          "type": "stripe",
          "url": "https://donate.stripe.com/dR614hfDZcJE3wAcMM"
        },
        {
          "type": "individual",
          "url": "https://checkout.revolut.com/pay/048b10a3-0e10-42c8-a917-e3e9cb4c8e29"
        }
      ],
      "license": "MIT",
      "peer": true,
      "peerDependencies": {
        "@typedly/data": "^3.0.0"
      }
    },
    "node_modules/@typescript-package/event-emitter": {
      "version": "0.1.0",
      "resolved": "https://registry.npmjs.org/@typescript-package/event-emitter/-/event-emitter-0.1.0.tgz",
      "integrity": "sha512-M12FFHm3BLhEJJW8BtrRMTob852lzGoPIbIv7vmd16AbixecpCV+qrDXqrnmHr3g5d7dyBBXpjwFwcrpbSKbtA==",
      "funding": [
        {
          "type": "stripe",
          "url": "https://donate.stripe.com/dR614hfDZcJE3wAcMM"
        },
        {
          "type": "individual",
          "url": "https://checkout.revolut.com/pay/048b10a3-0e10-42c8-a917-e3e9cb4c8e29"
        }
      ],
      "license": "MIT",
      "optional": true,
      "peerDependencies": {
        "@typescript-package/collection-adapter": "^0.2.0",
        "@typescript-package/listeners": "^0.0.1"
      }
    },
    "node_modules/@typescript-package/listeners": {
      "version": "0.0.1",
      "resolved": "https://registry.npmjs.org/@typescript-package/listeners/-/listeners-0.0.1.tgz",
      "integrity": "sha512-SfwoPtyjG+IBc7NAAkyaXWIIu5b5cu9GJ45DLzABTwGO6ZqyCAGNW5BeICUxl2FAiyJ4l4+bodYnp6vEID3PKA==",
      "funding": [
        {
          "type": "stripe",
          "url": "https://donate.stripe.com/dR614hfDZcJE3wAcMM"
        },
        {
          "type": "individual",
          "url": "https://checkout.revolut.com/pay/048b10a3-0e10-42c8-a917-e3e9cb4c8e29"
        }
      ],
      "license": "MIT",
      "optional": true,
      "peerDependencies": {
        "@typedly/listeners": "^2.0.0",
        "@typescript-package/collection": "^0.2.1"
      }
    }
  }
}
